
Microsoft Visual Studio Solution File, Format Version 12.00
# Visual Studio Version 16
VisualStudioVersion = 16.0.30413.136
MinimumVisualStudioVersion = 10.0.40219.1
Project("{FAE04EC0-301F-11D3-BF4B-00C04F79EFBC}") = "PHP-SRePS-Backend", "PHP-SRePS-Backend\PHP-SRePS-Backend.csproj", "{307E3FDC-E6F9-4881-A419-FF692BBADA1E}"
EndProject
Project("{FAE04EC0-301F-11D3-BF4B-00C04F79EFBC}") = "PHP-SRePS-Frontend", "PHP-SRePS-Frontend\PHP-SRePS-Frontend.csproj", "{B0AECBBF-1AA3-4304-AC6A-06A3A9954508}"
EndProject
Global
	GlobalSection(SolutionConfigurationPlatforms) = preSolution
		Debug|Any CPU = Debug|Any CPU
		Release|Any CPU = Release|Any CPU
	EndGlobalSection
	GlobalSection(ProjectConfigurationPlatforms) = postSolution
		{307E3FDC-E6F9-4881-A419-FF692BBADA1E}.Debug|Any CPU.ActiveCfg = Debug|Any CPU
		{307E3FDC-E6F9-4881-A419-FF692BBADA1E}.Debug|Any CPU.Build.0 = Debug|Any CPU
		{307E3FDC-E6F9-4881-A419-FF692BBADA1E}.Release|Any CPU.ActiveCfg = Release|Any CPU
		{307E3FDC-E6F9-4881-A419-FF692BBADA1E}.Release|Any CPU.Build.0 = Release|Any CPU
		{B0AECBBF-1AA3-4304-AC6A-06A3A9954508}.Debug|Any CPU.ActiveCfg = Debug|Any CPU
		{B0AECBBF-1AA3-4304-AC6A-06A3A9954508}.Debug|Any CPU.Build.0 = Debug|Any CPU
		{B0AECBBF-1AA3-4304-AC6A-06A3A9954508}.Release|Any CPU.ActiveCfg = Release|Any CPU
		{B0AECBBF-1AA3-4304-AC6A-06A3A9954508}.Release|Any CPU.Build.0 = Release|Any CPU
	EndGlobalSection
	GlobalSection(SolutionProperties) = preSolution
		HideSolutionNode = FALSE
	EndGlobalSection
	GlobalSection(ExtensibilityGlobals) = postSolution
		SolutionGuid = {7C8470DB-D98D-4E0D-BA03-B09ADCE0FE81}
	EndGlobalSection
EndGlobal
